
Microsoft Visual Studio Solution File, Format Version 12.00
# Visual Studio Version 17
VisualStudioVersion = 17.3.32901.215
MinimumVisualStudioVersion = 10.0.40219.1
Project("{FAE04EC0-301F-11D3-BF4B-00C04F79EFBC}") = "Core", "Core\Core.csproj", "{DAE630ED-3D2C-4A67-88D8-CB7036BD9CA5}"
EndProject
Project("{FAE04EC0-301F-11D3-BF4B-00C04F79EFBC}") = "Core.API", "Core.API\Core.API.csproj", "{9A84199A-D553-452A-9BF8-E832714974CE}"
EndProject
Project("{FAE04EC0-301F-11D3-BF4B-00C04F79EFBC}") = "Core.UI", "Core.UI\Core.UI.csproj", "{D213D21F-0775-4911-8C95-5BABF9A22045}"
EndProject
Project("{FAE04EC0-301F-11D3-BF4B-00C04F79EFBC}") = "Models", "Models\Models.csproj", "{995D6685-8692-4362-8466-80CE70676E39}"
EndProject
Project("{FAE04EC0-301F-11D3-BF4B-00C04F79EFBC}") = "PageObjects", "PageObjects\PageObjects.csproj", "{3B6232F2-ADE5-4C77-B3C6-0063509F60A5}"
EndProject
Project("{FAE04EC0-301F-11D3-BF4B-00C04F79EFBC}") = "Tests.API", "Tests.API\Tests.API.csproj", "{4D2533A7-2B8F-4C61-BCAF-9F9FAC205564}"
EndProject
Project("{FAE04EC0-301F-11D3-BF4B-00C04F79EFBC}") = "Tests.UI", "Tests.UI\Tests.UI.csproj", "{0AEA9FCD-2CE3-4F66-94B4-74671F06D382}"
EndProject
Global
	GlobalSection(SolutionConfigurationPlatforms) = preSolution
		Debug|Any CPU = Debug|Any CPU
		Release|Any CPU = Release|Any CPU
	EndGlobalSection
	GlobalSection(ProjectConfigurationPlatforms) = postSolution
		{DAE630ED-3D2C-4A67-88D8-CB7036BD9CA5}.Debug|Any CPU.ActiveCfg = Debug|Any CPU
		{DAE630ED-3D2C-4A67-88D8-CB7036BD9CA5}.Debug|Any CPU.Build.0 = Debug|Any CPU
		{DAE630ED-3D2C-4A67-88D8-CB7036BD9CA5}.Release|Any CPU.ActiveCfg = Release|Any CPU
		{DAE630ED-3D2C-4A67-88D8-CB7036BD9CA5}.Release|Any CPU.Build.0 = Release|Any CPU
		{9A84199A-D553-452A-9BF8-E832714974CE}.Debug|Any CPU.ActiveCfg = Debug|Any CPU
		{9A84199A-D553-452A-9BF8-E832714974CE}.Debug|Any CPU.Build.0 = Debug|Any CPU
		{9A84199A-D553-452A-9BF8-E832714974CE}.Release|Any CPU.ActiveCfg = Release|Any CPU
		{9A84199A-D553-452A-9BF8-E832714974CE}.Release|Any CPU.Build.0 = Release|Any CPU
		{D213D21F-0775-4911-8C95-5BABF9A22045}.Debug|Any CPU.ActiveCfg = Debug|Any CPU
		{D213D21F-0775-4911-8C95-5BABF9A22045}.Debug|Any CPU.Build.0 = Debug|Any CPU
		{D213D21F-0775-4911-8C95-5BABF9A22045}.Release|Any CPU.ActiveCfg = Release|Any CPU
		{D213D21F-0775-4911-8C95-5BABF9A22045}.Release|Any CPU.Build.0 = Release|Any CPU
		{995D6685-8692-4362-8466-80CE70676E39}.Debug|Any CPU.ActiveCfg = Debug|Any CPU
		{995D6685-8692-4362-8466-80CE70676E39}.Debug|Any CPU.Build.0 = Debug|Any CPU
		{995D6685-8692-4362-8466-80CE70676E39}.Release|Any CPU.ActiveCfg = Release|Any CPU
		{995D6685-8692-4362-8466-80CE70676E39}.Release|Any CPU.Build.0 = Release|Any CPU
		{3B6232F2-ADE5-4C77-B3C6-0063509F60A5}.Debug|Any CPU.ActiveCfg = Debug|Any CPU
		{3B6232F2-ADE5-4C77-B3C6-0063509F60A5}.Debug|Any CPU.Build.0 = Debug|Any CPU
		{3B6232F2-ADE5-4C77-B3C6-0063509F60A5}.Release|Any CPU.ActiveCfg = Release|Any CPU
		{3B6232F2-ADE5-4C77-B3C6-0063509F60A5}.Release|Any CPU.Build.0 = Release|Any CPU
		{4D2533A7-2B8F-4C61-BCAF-9F9FAC205564}.Debug|Any CPU.ActiveCfg = Debug|Any CPU
		{4D2533A7-2B8F-4C61-BCAF-9F9FAC205564}.Debug|Any CPU.Build.0 = Debug|Any CPU
		{4D2533A7-2B8F-4C61-BCAF-9F9FAC205564}.Release|Any CPU.ActiveCfg = Release|Any CPU
		{4D2533A7-2B8F-4C61-BCAF-9F9FAC205564}.Release|Any CPU.Build.0 = Release|Any CPU
		{0AEA9FCD-2CE3-4F66-94B4-74671F06D382}.Debug|Any CPU.ActiveCfg = Debug|Any CPU
		{0AEA9FCD-2CE3-4F66-94B4-74671F06D382}.Debug|Any CPU.Build.0 = Debug|Any CPU
		{0AEA9FCD-2CE3-4F66-94B4-74671F06D382}.Release|Any CPU.ActiveCfg = Release|Any CPU
		{0AEA9FCD-2CE3-4F66-94B4-74671F06D382}.Release|Any CPU.Build.0 = Release|Any CPU
	EndGlobalSection
	GlobalSection(SolutionProperties) = preSolution
		HideSolutionNode = FALSE
	EndGlobalSection
	GlobalSection(ExtensibilityGlobals) = postSolution
		SolutionGuid = {553F7F33-31C9-4523-8E40-130934411E4E}
	EndGlobalSection
EndGlobal
