
Microsoft Visual Studio Solution File, Format Version 12.00
# Visual Studio Version 17
VisualStudioVersion = 17.3.32901.215
MinimumVisualStudioVersion = 10.0.40219.1
Project("{9A19103F-16F7-4668-BE54-9A1E7A4F7556}") = "Core", "Core\Core.csproj", "{DAE630ED-3D2C-4A67-88D8-CB7036BD9CA5}"
EndProject
Project("{9A19103F-16F7-4668-BE54-9A1E7A4F7556}") = "Core.API", "Core.API\Core.API.csproj", "{9A84199A-D553-452A-9BF8-E832714974CE}"
	ProjectSection(ProjectDependencies) = postProject
		{DAE630ED-3D2C-4A67-88D8-CB7036BD9CA5} = {DAE630ED-3D2C-4A67-88D8-CB7036BD9CA5}
	EndProjectSection
EndProject
Project("{9A19103F-16F7-4668-BE54-9A1E7A4F7556}") = "Core.UI", "Core.UI\Core.UI.csproj", "{D213D21F-0775-4911-8C95-5BABF9A22045}"
	ProjectSection(ProjectDependencies) = postProject
		{DAE630ED-3D2C-4A67-88D8-CB7036BD9CA5} = {DAE630ED-3D2C-4A67-88D8-CB7036BD9CA5}
	EndProjectSection
EndProject
Project("{9A19103F-16F7-4668-BE54-9A1E7A4F7556}") = "PageObjects", "PageObjects\PageObjects.csproj", "{3B6232F2-ADE5-4C77-B3C6-0063509F60A5}"
	ProjectSection(ProjectDependencies) = postProject
		{D213D21F-0775-4911-8C95-5BABF9A22045} = {D213D21F-0775-4911-8C95-5BABF9A22045}
	EndProjectSection
EndProject
Project("{9A19103F-16F7-4668-BE54-9A1E7A4F7556}") = "Tests.API", "Tests.API\Tests.API.csproj", "{4D2533A7-2B8F-4C61-BCAF-9F9FAC205564}"
	ProjectSection(ProjectDependencies) = postProject
		{9A84199A-D553-452A-9BF8-E832714974CE} = {9A84199A-D553-452A-9BF8-E832714974CE}
		{DAE630ED-3D2C-4A67-88D8-CB7036BD9CA5} = {DAE630ED-3D2C-4A67-88D8-CB7036BD9CA5}
	EndProjectSection
EndProject
Project("{9A19103F-16F7-4668-BE54-9A1E7A4F7556}") = "Tests.UI", "Tests.UI\Tests.UI.csproj", "{0AEA9FCD-2CE3-4F66-94B4-74671F06D382}"
	ProjectSection(ProjectDependencies) = postProject
		{3B6232F2-ADE5-4C77-B3C6-0063509F60A5} = {3B6232F2-ADE5-4C77-B3C6-0063509F60A5}
		{D213D21F-0775-4911-8C95-5BABF9A22045} = {D213D21F-0775-4911-8C95-5BABF9A22045}
	EndProjectSection
EndProject
Project("{9A19103F-16F7-4668-BE54-9A1E7A4F7556}") = "Tests.BDD", "Tests.BDD\Tests.BDD.csproj", "{B001EAC4-02F5-41EB-AED1-7486338F0D33}"
EndProject
Global
	GlobalSection(SolutionConfigurationPlatforms) = preSolution
		Debug|Any CPU = Debug|Any CPU
		Release|Any CPU = Release|Any CPU
	EndGlobalSection
	GlobalSection(ProjectConfigurationPlatforms) = postSolution
		{DAE630ED-3D2C-4A67-88D8-CB7036BD9CA5}.Debug|Any CPU.ActiveCfg = Debug|Any CPU
		{DAE630ED-3D2C-4A67-88D8-CB7036BD9CA5}.Debug|Any CPU.Build.0 = Debug|Any CPU
		{DAE630ED-3D2C-4A67-88D8-CB7036BD9CA5}.Release|Any CPU.ActiveCfg = Release|Any CPU
		{DAE630ED-3D2C-4A67-88D8-CB7036BD9CA5}.Release|Any CPU.Build.0 = Release|Any CPU
		{9A84199A-D553-452A-9BF8-E832714974CE}.Debug|Any CPU.ActiveCfg = Debug|Any CPU
		{9A84199A-D553-452A-9BF8-E832714974CE}.Debug|Any CPU.Build.0 = Debug|Any CPU
		{9A84199A-D553-452A-9BF8-E832714974CE}.Release|Any CPU.ActiveCfg = Release|Any CPU
		{9A84199A-D553-452A-9BF8-E832714974CE}.Release|Any CPU.Build.0 = Release|Any CPU
		{D213D21F-0775-4911-8C95-5BABF9A22045}.Debug|Any CPU.ActiveCfg = Debug|Any CPU
		{D213D21F-0775-4911-8C95-5BABF9A22045}.Debug|Any CPU.Build.0 = Debug|Any CPU
		{D213D21F-0775-4911-8C95-5BABF9A22045}.Release|Any CPU.ActiveCfg = Release|Any CPU
		{D213D21F-0775-4911-8C95-5BABF9A22045}.Release|Any CPU.Build.0 = Release|Any CPU
		{3B6232F2-ADE5-4C77-B3C6-0063509F60A5}.Debug|Any CPU.ActiveCfg = Debug|Any CPU
		{3B6232F2-ADE5-4C77-B3C6-0063509F60A5}.Debug|Any CPU.Build.0 = Debug|Any CPU
		{3B6232F2-ADE5-4C77-B3C6-0063509F60A5}.Release|Any CPU.ActiveCfg = Release|Any CPU
		{3B6232F2-ADE5-4C77-B3C6-0063509F60A5}.Release|Any CPU.Build.0 = Release|Any CPU
		{4D2533A7-2B8F-4C61-BCAF-9F9FAC205564}.Debug|Any CPU.ActiveCfg = Debug|Any CPU
		{4D2533A7-2B8F-4C61-BCAF-9F9FAC205564}.Debug|Any CPU.Build.0 = Debug|Any CPU
		{4D2533A7-2B8F-4C61-BCAF-9F9FAC205564}.Release|Any CPU.ActiveCfg = Release|Any CPU
		{4D2533A7-2B8F-4C61-BCAF-9F9FAC205564}.Release|Any CPU.Build.0 = Release|Any CPU
		{0AEA9FCD-2CE3-4F66-94B4-74671F06D382}.Debug|Any CPU.ActiveCfg = Debug|Any CPU
		{0AEA9FCD-2CE3-4F66-94B4-74671F06D382}.Debug|Any CPU.Build.0 = Debug|Any CPU
		{0AEA9FCD-2CE3-4F66-94B4-74671F06D382}.Release|Any CPU.ActiveCfg = Release|Any CPU
		{0AEA9FCD-2CE3-4F66-94B4-74671F06D382}.Release|Any CPU.Build.0 = Release|Any CPU
		{B001EAC4-02F5-41EB-AED1-7486338F0D33}.Debug|Any CPU.ActiveCfg = Debug|Any CPU
		{B001EAC4-02F5-41EB-AED1-7486338F0D33}.Debug|Any CPU.Build.0 = Debug|Any CPU
		{B001EAC4-02F5-41EB-AED1-7486338F0D33}.Release|Any CPU.ActiveCfg = Release|Any CPU
		{B001EAC4-02F5-41EB-AED1-7486338F0D33}.Release|Any CPU.Build.0 = Release|Any CPU
	EndGlobalSection
	GlobalSection(SolutionProperties) = preSolution
		HideSolutionNode = FALSE
	EndGlobalSection
	GlobalSection(ExtensibilityGlobals) = postSolution
		SolutionGuid = {553F7F33-31C9-4523-8E40-130934411E4E}
	EndGlobalSection
EndGlobal
